
Microsoft Visual Studio Solution File, Format Version 12.00
# Visual Studio Version 16
VisualStudioVersion = 16.0.29613.14
MinimumVisualStudioVersion = 10.0.40219.1
Project("{FAE04EC0-301F-11D3-BF4B-00C04F79EFBC}") = "AppMo", "AppMo\AppMo.csproj", "{9A648BD3-4225-438B-AC28-E4B693AB22B2}"
EndProject
Global
	GlobalSection(SolutionConfigurationPlatforms) = preSolution
		Debug|Any CPU = Debug|Any CPU
		Release|Any CPU = Release|Any CPU
	EndGlobalSection
	GlobalSection(ProjectConfigurationPlatforms) = postSolution
		{9A648BD3-4225-438B-AC28-E4B693AB22B2}.Debug|Any CPU.ActiveCfg = Debug|Any CPU
		{9A648BD3-4225-438B-AC28-E4B693AB22B2}.Debug|Any CPU.Build.0 = Debug|Any CPU
		{9A648BD3-4225-438B-AC28-E4B693AB22B2}.Release|Any CPU.ActiveCfg = Release|Any CPU
		{9A648BD3-4225-438B-AC28-E4B693AB22B2}.Release|Any CPU.Build.0 = Release|Any CPU
	EndGlobalSection
	GlobalSection(SolutionProperties) = preSolution
		HideSolutionNode = FALSE
	EndGlobalSection
	GlobalSection(ExtensibilityGlobals) = postSolution
		SolutionGuid = {B9755692-F890-49C9-A9E5-8AB15488B07C}
	EndGlobalSection
EndGlobal
